
Microsoft Visual Studio Solution File, Format Version 12.00
# Visual Studio Version 17
VisualStudioVersion = 17.7.34031.279
MinimumVisualStudioVersion = 10.0.40219.1
Project("{FAE04EC0-301F-11D3-BF4B-00C04F79EFBC}") = "dev-backend1", "dev-backend1\dev-backend1.csproj", "{8DEBA13E-724A-450F-B4FA-332D4F81024C}"
EndProject
Global
	GlobalSection(SolutionConfigurationPlatforms) = preSolution
		Debug|Any CPU = Debug|Any CPU
		Release|Any CPU = Release|Any CPU
	EndGlobalSection
	GlobalSection(ProjectConfigurationPlatforms) = postSolution
		{8DEBA13E-724A-450F-B4FA-332D4F81024C}.Debug|Any CPU.ActiveCfg = Debug|Any CPU
		{8DEBA13E-724A-450F-B4FA-332D4F81024C}.Debug|Any CPU.Build.0 = Debug|Any CPU
		{8DEBA13E-724A-450F-B4FA-332D4F81024C}.Release|Any CPU.ActiveCfg = Release|Any CPU
		{8DEBA13E-724A-450F-B4FA-332D4F81024C}.Release|Any CPU.Build.0 = Release|Any CPU
	EndGlobalSection
	GlobalSection(SolutionProperties) = preSolution
		HideSolutionNode = FALSE
	EndGlobalSection
	GlobalSection(ExtensibilityGlobals) = postSolution
		SolutionGuid = {5E05C300-2380-4F0A-A494-05F8741965B6}
	EndGlobalSection
EndGlobal
